
Microsoft Visual Studio Solution File, Format Version 12.00
# Visual Studio Version 17
VisualStudioVersion = 17.7.34221.43
MinimumVisualStudioVersion = 10.0.40219.1
Project("{FAE04EC0-301F-11D3-BF4B-00C04F79EFBC}") = "Assignment-12", "Assignment-12\Assignment-12.csproj", "{EDAC0286-F3C0-4FA9-AC83-15C9A01CB2B7}"
EndProject
Global
	GlobalSection(SolutionConfigurationPlatforms) = preSolution
		Debug|Any CPU = Debug|Any CPU
		Release|Any CPU = Release|Any CPU
	EndGlobalSection
	GlobalSection(ProjectConfigurationPlatforms) = postSolution
		{EDAC0286-F3C0-4FA9-AC83-15C9A01CB2B7}.Debug|Any CPU.ActiveCfg = Debug|Any CPU
		{EDAC0286-F3C0-4FA9-AC83-15C9A01CB2B7}.Debug|Any CPU.Build.0 = Debug|Any CPU
		{EDAC0286-F3C0-4FA9-AC83-15C9A01CB2B7}.Release|Any CPU.ActiveCfg = Release|Any CPU
		{EDAC0286-F3C0-4FA9-AC83-15C9A01CB2B7}.Release|Any CPU.Build.0 = Release|Any CPU
	EndGlobalSection
	GlobalSection(SolutionProperties) = preSolution
		HideSolutionNode = FALSE
	EndGlobalSection
	GlobalSection(ExtensibilityGlobals) = postSolution
		SolutionGuid = {7830AEE2-C117-4557-90A1-1FAA0BF5E541}
	EndGlobalSection
EndGlobal
